
Microsoft Visual Studio Solution File, Format Version 12.00
# Visual Studio Version 16
VisualStudioVersion = 16.0.30523.141
MinimumVisualStudioVersion = 10.0.40219.1
Project("{FAE04EC0-301F-11D3-BF4B-00C04F79EFBC}") = "Topic1Solver", "Topic1Solver\Topic1Solver.csproj", "{11EAB1A9-7DEE-4E7A-99B7-63752881C128}"
EndProject
Global
	GlobalSection(SolutionConfigurationPlatforms) = preSolution
		Debug|Any CPU = Debug|Any CPU
		Release|Any CPU = Release|Any CPU
	EndGlobalSection
	GlobalSection(ProjectConfigurationPlatforms) = postSolution
		{11EAB1A9-7DEE-4E7A-99B7-63752881C128}.Debug|Any CPU.ActiveCfg = Debug|Any CPU
		{11EAB1A9-7DEE-4E7A-99B7-63752881C128}.Debug|Any CPU.Build.0 = Debug|Any CPU
		{11EAB1A9-7DEE-4E7A-99B7-63752881C128}.Release|Any CPU.ActiveCfg = Release|Any CPU
		{11EAB1A9-7DEE-4E7A-99B7-63752881C128}.Release|Any CPU.Build.0 = Release|Any CPU
	EndGlobalSection
	GlobalSection(SolutionProperties) = preSolution
		HideSolutionNode = FALSE
	EndGlobalSection
	GlobalSection(ExtensibilityGlobals) = postSolution
		SolutionGuid = {B7FC5DC3-6DD2-4BBB-BBFF-CE63631C474E}
	EndGlobalSection
EndGlobal
